// !$*UTF8*$!
{
	archiveVersion = 1;
	classes = {
	};
	objectVersion = 56;
	objects = {

/* Begin PBXBuildFile section */
		2DF9510C29981BF8005F07B9 /* AppDelegate.swift in Sources */ = {isa = PBXBuildFile; fileRef = 2DF9510B29981BF8005F07B9 /* AppDelegate.swift */; };
		2DF9510E29981BF8005F07B9 /* SceneDelegate.swift in Sources */ = {isa = PBXBuildFile; fileRef = 2DF9510D29981BF8005F07B9 /* SceneDelegate.swift */; };
		2DF9511029981BF8005F07B9 /* OnboardingViewController.swift in Sources */ = {isa = PBXBuildFile; fileRef = 2DF9510F29981BF8005F07B9 /* OnboardingViewController.swift */; };
		2DF9511529981BFA005F07B9 /* Assets.xcassets in Resources */ = {isa = PBXBuildFile; fileRef = 2DF9511429981BFA005F07B9 /* Assets.xcassets */; };
		2DF9511829981BFA005F07B9 /* LaunchScreen.storyboard in Resources */ = {isa = PBXBuildFile; fileRef = 2DF9511629981BFA005F07B9 /* LaunchScreen.storyboard */; };
		2DF9512229981F2B005F07B9 /* CustomButton.swift in Sources */ = {isa = PBXBuildFile; fileRef = 2DF9512129981F2B005F07B9 /* CustomButton.swift */; };
		2DF9512429982116005F07B9 /* loading-animation.json in Resources */ = {isa = PBXBuildFile; fileRef = 2DF9512329982116005F07B9 /* loading-animation.json */; };
		2DF951272998213C005F07B9 /* SnapKit in Frameworks */ = {isa = PBXBuildFile; productRef = 2DF951262998213C005F07B9 /* SnapKit */; };
		2DF9512A29982169005F07B9 /* Lottie in Frameworks */ = {isa = PBXBuildFile; productRef = 2DF9512929982169005F07B9 /* Lottie */; };
		2DF9512F299822BB005F07B9 /* onboarding-1.json in Resources */ = {isa = PBXBuildFile; fileRef = 2DF9512C299822BB005F07B9 /* onboarding-1.json */; };
		2DF95131299822BB005F07B9 /* onboarding-2.json in Resources */ = {isa = PBXBuildFile; fileRef = 2DF9512E299822BB005F07B9 /* onboarding-2.json */; };
		2DF9513529982906005F07B9 /* CustomLabel.swift in Sources */ = {isa = PBXBuildFile; fileRef = 2DF9513429982906005F07B9 /* CustomLabel.swift */; };
		2DF9513B299830EE005F07B9 /* onboarding-3.json in Resources */ = {isa = PBXBuildFile; fileRef = 2DF9513A299830EE005F07B9 /* onboarding-3.json */; };
		2DF9513E2998323D005F07B9 /* UIView+.swift in Sources */ = {isa = PBXBuildFile; fileRef = 2DF9513D2998323D005F07B9 /* UIView+.swift */; };
		2DF9514129983499005F07B9 /* Colors.swift in Sources */ = {isa = PBXBuildFile; fileRef = 2DF9514029983499005F07B9 /* Colors.swift */; };
		2DF9514329983644005F07B9 /* OnboardingPresentationViewModel.swift in Sources */ = {isa = PBXBuildFile; fileRef = 2DF9514229983644005F07B9 /* OnboardingPresentationViewModel.swift */; };
		2DF9514B29983AF9005F07B9 /* CustomTabBar.swift in Sources */ = {isa = PBXBuildFile; fileRef = 2DF9514829983AF8005F07B9 /* CustomTabBar.swift */; };
		2DF9514C29983AF9005F07B9 /* CBTabBarButton.swift in Sources */ = {isa = PBXBuildFile; fileRef = 2DF9514929983AF8005F07B9 /* CBTabBarButton.swift */; };
		2DF9514D29983AF9005F07B9 /* CustomTabBarController.swift in Sources */ = {isa = PBXBuildFile; fileRef = 2DF9514A29983AF8005F07B9 /* CustomTabBarController.swift */; };
/* End PBXBuildFile section */

/* Begin PBXFileReference section */
		2DF9510829981BF8005F07B9 /* Veterinerim.app */ = {isa = PBXFileReference; explicitFileType = wrapper.application; includeInIndex = 0; path = Veterinerim.app; sourceTree = BUILT_PRODUCTS_DIR; };
		2DF9510B29981BF8005F07B9 /* AppDelegate.swift */ = {isa = PBXFileReference; lastKnownFileType = sourcecode.swift; path = AppDelegate.swift; sourceTree = "<group>"; };
		2DF9510D29981BF8005F07B9 /* SceneDelegate.swift */ = {isa = PBXFileReference; lastKnownFileType = sourcecode.swift; path = SceneDelegate.swift; sourceTree = "<group>"; };
		2DF9510F29981BF8005F07B9 /* OnboardingViewController.swift */ = {isa = PBXFileReference; lastKnownFileType = sourcecode.swift; path = OnboardingViewController.swift; sourceTree = "<group>"; };
		2DF9511429981BFA005F07B9 /* Assets.xcassets */ = {isa = PBXFileReference; lastKnownFileType = folder.assetcatalog; path = Assets.xcassets; sourceTree = "<group>"; };
		2DF9511729981BFA005F07B9 /* Base */ = {isa = PBXFileReference; lastKnownFileType = file.storyboard; name = Base; path = Base.lproj/LaunchScreen.storyboard; sourceTree = "<group>"; };
		2DF9511929981BFA005F07B9 /* Info.plist */ = {isa = PBXFileReference; lastKnownFileType = text.plist.xml; path = Info.plist; sourceTree = "<group>"; };
		2DF9512129981F2B005F07B9 /* CustomButton.swift */ = {isa = PBXFileReference; lastKnownFileType = sourcecode.swift; path = CustomButton.swift; sourceTree = "<group>"; };
		2DF9512329982116005F07B9 /* loading-animation.json */ = {isa = PBXFileReference; fileEncoding = 4; lastKnownFileType = text.json; path = "loading-animation.json"; sourceTree = "<group>"; };
		2DF9512C299822BB005F07B9 /* onboarding-1.json */ = {isa = PBXFileReference; fileEncoding = 4; lastKnownFileType = text.json; path = "onboarding-1.json"; sourceTree = "<group>"; };
		2DF9512E299822BB005F07B9 /* onboarding-2.json */ = {isa = PBXFileReference; fileEncoding = 4; lastKnownFileType = text.json; path = "onboarding-2.json"; sourceTree = "<group>"; };
		2DF9513429982906005F07B9 /* CustomLabel.swift */ = {isa = PBXFileReference; lastKnownFileType = sourcecode.swift; path = CustomLabel.swift; sourceTree = "<group>"; };
		2DF9513A299830EE005F07B9 /* onboarding-3.json */ = {isa = PBXFileReference; fileEncoding = 4; lastKnownFileType = text.json; path = "onboarding-3.json"; sourceTree = "<group>"; };
		2DF9513D2998323D005F07B9 /* UIView+.swift */ = {isa = PBXFileReference; lastKnownFileType = sourcecode.swift; path = "UIView+.swift"; sourceTree = "<group>"; };
		2DF9514029983499005F07B9 /* Colors.swift */ = {isa = PBXFileReference; lastKnownFileType = sourcecode.swift; path = Colors.swift; sourceTree = "<group>"; };
		2DF9514229983644005F07B9 /* OnboardingPresentationViewModel.swift */ = {isa = PBXFileReference; lastKnownFileType = sourcecode.swift; path = OnboardingPresentationViewModel.swift; sourceTree = "<group>"; };
		2DF9514829983AF8005F07B9 /* CustomTabBar.swift */ = {isa = PBXFileReference; fileEncoding = 4; lastKnownFileType = sourcecode.swift; path = CustomTabBar.swift; sourceTree = "<group>"; };
		2DF9514929983AF8005F07B9 /* CBTabBarButton.swift */ = {isa = PBXFileReference; fileEncoding = 4; lastKnownFileType = sourcecode.swift; path = CBTabBarButton.swift; sourceTree = "<group>"; };
		2DF9514A29983AF8005F07B9 /* CustomTabBarController.swift */ = {isa = PBXFileReference; fileEncoding = 4; lastKnownFileType = sourcecode.swift; path = CustomTabBarController.swift; sourceTree = "<group>"; };
/* End PBXFileReference section */

/* Begin PBXFrameworksBuildPhase section */
		2DF9510529981BF8005F07B9 /* Frameworks */ = {
			isa = PBXFrameworksBuildPhase;
			buildActionMask = 2147483647;
			files = (
				2DF951272998213C005F07B9 /* SnapKit in Frameworks */,
				2DF9512A29982169005F07B9 /* Lottie in Frameworks */,
			);
			runOnlyForDeploymentPostprocessing = 0;
		};
/* End PBXFrameworksBuildPhase section */

/* Begin PBXGroup section */
		2DF950FF29981BF8005F07B9 = {
			isa = PBXGroup;
			children = (
				2DF9510A29981BF8005F07B9 /* Veterinerim */,
				2DF9510929981BF8005F07B9 /* Products */,
			);
			sourceTree = "<group>";
		};
		2DF9510929981BF8005F07B9 /* Products */ = {
			isa = PBXGroup;
			children = (
				2DF9510829981BF8005F07B9 /* Veterinerim.app */,
			);
			name = Products;
			sourceTree = "<group>";
		};
		2DF9510A29981BF8005F07B9 /* Veterinerim */ = {
			isa = PBXGroup;
			children = (
				2DF9513F29983490005F07B9 /* Constants */,
				2DF9513C29983232005F07B9 /* Extensions */,
				2DF9511F29981D82005F07B9 /* App */,
				2DF9512029981D8E005F07B9 /* Resources */,
				2DF9512B299822AF005F07B9 /* Lotties */,
				2DF95132299827CA005F07B9 /* Scenes */,
				2DF9512129981F2B005F07B9 /* CustomButton.swift */,
				2DF9513429982906005F07B9 /* CustomLabel.swift */,
			);
			path = Veterinerim;
			sourceTree = "<group>";
		};
		2DF9511F29981D82005F07B9 /* App */ = {
			isa = PBXGroup;
			children = (
				2DF9510B29981BF8005F07B9 /* AppDelegate.swift */,
				2DF9510D29981BF8005F07B9 /* SceneDelegate.swift */,
			);
			path = App;
			sourceTree = "<group>";
		};
		2DF9512029981D8E005F07B9 /* Resources */ = {
			isa = PBXGroup;
			children = (
				2DF9511429981BFA005F07B9 /* Assets.xcassets */,
				2DF9511629981BFA005F07B9 /* LaunchScreen.storyboard */,
				2DF9511929981BFA005F07B9 /* Info.plist */,
			);
			path = Resources;
			sourceTree = "<group>";
		};
		2DF9512B299822AF005F07B9 /* Lotties */ = {
			isa = PBXGroup;
			children = (
				2DF9513A299830EE005F07B9 /* onboarding-3.json */,
				2DF9512C299822BB005F07B9 /* onboarding-1.json */,
				2DF9512E299822BB005F07B9 /* onboarding-2.json */,
				2DF9512329982116005F07B9 /* loading-animation.json */,
			);
			path = Lotties;
			sourceTree = "<group>";
		};
		2DF95132299827CA005F07B9 /* Scenes */ = {
			isa = PBXGroup;
			children = (
				2DF9514729983AE3005F07B9 /* TabBar */,
				2DF95133299827D2005F07B9 /* Onboarding */,
			);
			path = Scenes;
			sourceTree = "<group>";
		};
		2DF95133299827D2005F07B9 /* Onboarding */ = {
			isa = PBXGroup;
			children = (
				2DF9510F29981BF8005F07B9 /* OnboardingViewController.swift */,
				2DF9514229983644005F07B9 /* OnboardingPresentationViewModel.swift */,
			);
			path = Onboarding;
			sourceTree = "<group>";
		};
		2DF9513C29983232005F07B9 /* Extensions */ = {
			isa = PBXGroup;
			children = (
				2DF9513D2998323D005F07B9 /* UIView+.swift */,
			);
			path = Extensions;
			sourceTree = "<group>";
		};
		2DF9513F29983490005F07B9 /* Constants */ = {
			isa = PBXGroup;
			children = (
				2DF9514029983499005F07B9 /* Colors.swift */,
			);
			path = Constants;
			sourceTree = "<group>";
		};
		2DF9514729983AE3005F07B9 /* TabBar */ = {
			isa = PBXGroup;
			children = (
				2DF9514929983AF8005F07B9 /* CBTabBarButton.swift */,
				2DF9514829983AF8005F07B9 /* CustomTabBar.swift */,
				2DF9514A29983AF8005F07B9 /* CustomTabBarController.swift */,
			);
			path = TabBar;
			sourceTree = "<group>";
		};
/* End PBXGroup section */

/* Begin PBXNativeTarget section */
		2DF9510729981BF8005F07B9 /* Veterinerim */ = {
			isa = PBXNativeTarget;
			buildConfigurationList = 2DF9511C29981BFA005F07B9 /* Build configuration list for PBXNativeTarget "Veterinerim" */;
			buildPhases = (
				2DF9510429981BF8005F07B9 /* Sources */,
				2DF9510529981BF8005F07B9 /* Frameworks */,
				2DF9510629981BF8005F07B9 /* Resources */,
			);
			buildRules = (
			);
			dependencies = (
			);
			name = Veterinerim;
			packageProductDependencies = (
				2DF951262998213C005F07B9 /* SnapKit */,
				2DF9512929982169005F07B9 /* Lottie */,
			);
			productName = Veterinerim;
			productReference = 2DF9510829981BF8005F07B9 /* Veterinerim.app */;
			productType = "com.apple.product-type.application";
		};
/* End PBXNativeTarget section */

/* Begin PBXProject section */
		2DF9510029981BF8005F07B9 /* Project object */ = {
			isa = PBXProject;
			attributes = {
				BuildIndependentTargetsInParallel = 1;
				LastSwiftUpdateCheck = 1420;
				LastUpgradeCheck = 1420;
				TargetAttributes = {
					2DF9510729981BF8005F07B9 = {
						CreatedOnToolsVersion = 14.2;
					};
				};
			};
			buildConfigurationList = 2DF9510329981BF8005F07B9 /* Build configuration list for PBXProject "Veterinerim" */;
			compatibilityVersion = "Xcode 14.0";
			developmentRegion = en;
			hasScannedForEncodings = 0;
			knownRegions = (
				en,
				Base,
			);
			mainGroup = 2DF950FF29981BF8005F07B9;
			packageReferences = (
				2DF951252998213C005F07B9 /* XCRemoteSwiftPackageReference "SnapKit" */,
				2DF9512829982169005F07B9 /* XCRemoteSwiftPackageReference "lottie-ios" */,
			);
			productRefGroup = 2DF9510929981BF8005F07B9 /* Products */;
			projectDirPath = "";
			projectRoot = "";
			targets = (
				2DF9510729981BF8005F07B9 /* Veterinerim */,
			);
		};
/* End PBXProject section */

/* Begin PBXResourcesBuildPhase section */
		2DF9510629981BF8005F07B9 /* Resources */ = {
			isa = PBXResourcesBuildPhase;
			buildActionMask = 2147483647;
			files = (
				2DF9511829981BFA005F07B9 /* LaunchScreen.storyboard in Resources */,
				2DF95131299822BB005F07B9 /* onboarding-2.json in Resources */,
				2DF9511529981BFA005F07B9 /* Assets.xcassets in Resources */,
				2DF9512F299822BB005F07B9 /* onboarding-1.json in Resources */,
				2DF9513B299830EE005F07B9 /* onboarding-3.json in Resources */,
				2DF9512429982116005F07B9 /* loading-animation.json in Resources */,
			);
			runOnlyForDeploymentPostprocessing = 0;
		};
/* End PBXResourcesBuildPhase section */

/* Begin PBXSourcesBuildPhase section */
		2DF9510429981BF8005F07B9 /* Sources */ = {
			isa = PBXSourcesBuildPhase;
			buildActionMask = 2147483647;
			files = (
				2DF9513E2998323D005F07B9 /* UIView+.swift in Sources */,
				2DF9512229981F2B005F07B9 /* CustomButton.swift in Sources */,
				2DF9513529982906005F07B9 /* CustomLabel.swift in Sources */,
				2DF9514329983644005F07B9 /* OnboardingPresentationViewModel.swift in Sources */,
				2DF9514C29983AF9005F07B9 /* CBTabBarButton.swift in Sources */,
				2DF9514D29983AF9005F07B9 /* CustomTabBarController.swift in Sources */,
				2DF9514B29983AF9005F07B9 /* CustomTabBar.swift in Sources */,
				2DF9514129983499005F07B9 /* Colors.swift in Sources */,
				2DF9511029981BF8005F07B9 /* OnboardingViewController.swift in Sources */,
				2DF9510C29981BF8005F07B9 /* AppDelegate.swift in Sources */,
				2DF9510E29981BF8005F07B9 /* SceneDelegate.swift in Sources */,
			);
			runOnlyForDeploymentPostprocessing = 0;
		};
/* End PBXSourcesBuildPhase section */

/* Begin PBXVariantGroup section */
		2DF9511629981BFA005F07B9 /* LaunchScreen.storyboard */ = {
			isa = PBXVariantGroup;
			children = (
				2DF9511729981BFA005F07B9 /* Base */,
			);
			name = LaunchScreen.storyboard;
			sourceTree = "<group>";
		};
/* End PBXVariantGroup section */

/* Begin XCBuildConfiguration section */
		2DF9511A29981BFA005F07B9 /* Debug */ = {
			isa = XCBuildConfiguration;
			buildSettings = {
				ALWAYS_SEARCH_USER_PATHS = NO;
				CLANG_ANALYZER_NONNULL = YES;
				CLANG_ANALYZER_NUMBER_OBJECT_CONVERSION = YES_AGGRESSIVE;
				CLANG_CXX_LANGUAGE_STANDARD = "gnu++20";
				CLANG_ENABLE_MODULES = YES;
				CLANG_ENABLE_OBJC_ARC = YES;
				CLANG_ENABLE_OBJC_WEAK = YES;
				CLANG_WARN_BLOCK_CAPTURE_AUTORELEASING = YES;
				CLANG_WARN_BOOL_CONVERSION = YES;
				CLANG_WARN_COMMA = YES;
				CLANG_WARN_CONSTANT_CONVERSION = YES;
				CLANG_WARN_DEPRECATED_OBJC_IMPLEMENTATIONS = YES;
				CLANG_WARN_DIRECT_OBJC_ISA_USAGE = YES_ERROR;
				CLANG_WARN_DOCUMENTATION_COMMENTS = YES;
				CLANG_WARN_EMPTY_BODY = YES;
				CLANG_WARN_ENUM_CONVERSION = YES;
				CLANG_WARN_INFINITE_RECURSION = YES;
				CLANG_WARN_INT_CONVERSION = YES;
				CLANG_WARN_NON_LITERAL_NULL_CONVERSION = YES;
				CLANG_WARN_OBJC_IMPLICIT_RETAIN_SELF = YES;
				CLANG_WARN_OBJC_LITERAL_CONVERSION = YES;
				CLANG_WARN_OBJC_ROOT_CLASS = YES_ERROR;
				CLANG_WARN_QUOTED_INCLUDE_IN_FRAMEWORK_HEADER = YES;
				CLANG_WARN_RANGE_LOOP_ANALYSIS = YES;
				CLANG_WARN_STRICT_PROTOTYPES = YES;
				CLANG_WARN_SUSPICIOUS_MOVE = YES;
				CLANG_WARN_UNGUARDED_AVAILABILITY = YES_AGGRESSIVE;
				CLANG_WARN_UNREACHABLE_CODE = YES;
				CLANG_WARN__DUPLICATE_METHOD_MATCH = YES;
				COPY_PHASE_STRIP = NO;
				DEBUG_INFORMATION_FORMAT = dwarf;
				ENABLE_STRICT_OBJC_MSGSEND = YES;
				ENABLE_TESTABILITY = YES;
				GCC_C_LANGUAGE_STANDARD = gnu11;
				GCC_DYNAMIC_NO_PIC = NO;
				GCC_NO_COMMON_BLOCKS = YES;
				GCC_OPTIMIZATION_LEVEL = 0;
				GCC_PREPROCESSOR_DEFINITIONS = (
					"DEBUG=1",
					"$(inherited)",
				);
				GCC_WARN_64_TO_32_BIT_CONVERSION = YES;
				GCC_WARN_ABOUT_RETURN_TYPE = YES_ERROR;
				GCC_WARN_UNDECLARED_SELECTOR = YES;
				GCC_WARN_UNINITIALIZED_AUTOS = YES_AGGRESSIVE;
				GCC_WARN_UNUSED_FUNCTION = YES;
				GCC_WARN_UNUSED_VARIABLE = YES;
				IPHONEOS_DEPLOYMENT_TARGET = 16.2;
				MTL_ENABLE_DEBUG_INFO = INCLUDE_SOURCE;
				MTL_FAST_MATH = YES;
				ONLY_ACTIVE_ARCH = YES;
				SDKROOT = iphoneos;
				SWIFT_ACTIVE_COMPILATION_CONDITIONS = DEBUG;
				SWIFT_OPTIMIZATION_LEVEL = "-Onone";
			};
			name = Debug;
		};
		2DF9511B29981BFA005F07B9 /* Release */ = {
			isa = XCBuildConfiguration;
			buildSettings = {
				ALWAYS_SEARCH_USER_PATHS = NO;
				CLANG_ANALYZER_NONNULL = YES;
				CLANG_ANALYZER_NUMBER_OBJECT_CONVERSION = YES_AGGRESSIVE;
				CLANG_CXX_LANGUAGE_STANDARD = "gnu++20";
				CLANG_ENABLE_MODULES = YES;
				CLANG_ENABLE_OBJC_ARC = YES;
				CLANG_ENABLE_OBJC_WEAK = YES;
				CLANG_WARN_BLOCK_CAPTURE_AUTORELEASING = YES;
				CLANG_WARN_BOOL_CONVERSION = YES;
				CLANG_WARN_COMMA = YES;
				CLANG_WARN_CONSTANT_CONVERSION = YES;
				CLANG_WARN_DEPRECATED_OBJC_IMPLEMENTATIONS = YES;
				CLANG_WARN_DIRECT_OBJC_ISA_USAGE = YES_ERROR;
				CLANG_WARN_DOCUMENTATION_COMMENTS = YES;
				CLANG_WARN_EMPTY_BODY = YES;
				CLANG_WARN_ENUM_CONVERSION = YES;
				CLANG_WARN_INFINITE_RECURSION = YES;
				CLANG_WARN_INT_CONVERSION = YES;
				CLANG_WARN_NON_LITERAL_NULL_CONVERSION = YES;
				CLANG_WARN_OBJC_IMPLICIT_RETAIN_SELF = YES;
				CLANG_WARN_OBJC_LITERAL_CONVERSION = YES;
				CLANG_WARN_OBJC_ROOT_CLASS = YES_ERROR;
				CLANG_WARN_QUOTED_INCLUDE_IN_FRAMEWORK_HEADER = YES;
				CLANG_WARN_RANGE_LOOP_ANALYSIS = YES;
				CLANG_WARN_STRICT_PROTOTYPES = YES;
				CLANG_WARN_SUSPICIOUS_MOVE = YES;
				CLANG_WARN_UNGUARDED_AVAILABILITY = YES_AGGRESSIVE;
				CLANG_WARN_UNREACHABLE_CODE = YES;
				CLANG_WARN__DUPLICATE_METHOD_MATCH = YES;
				COPY_PHASE_STRIP = NO;
				DEBUG_INFORMATION_FORMAT = "dwarf-with-dsym";
				ENABLE_NS_ASSERTIONS = NO;
				ENABLE_STRICT_OBJC_MSGSEND = YES;
				GCC_C_LANGUAGE_STANDARD = gnu11;
				GCC_NO_COMMON_BLOCKS = YES;
				GCC_WARN_64_TO_32_BIT_CONVERSION = YES;
				GCC_WARN_ABOUT_RETURN_TYPE = YES_ERROR;
				GCC_WARN_UNDECLARED_SELECTOR = YES;
				GCC_WARN_UNINITIALIZED_AUTOS = YES_AGGRESSIVE;
				GCC_WARN_UNUSED_FUNCTION = YES;
				GCC_WARN_UNUSED_VARIABLE = YES;
				IPHONEOS_DEPLOYMENT_TARGET = 16.2;
				MTL_ENABLE_DEBUG_INFO = NO;
				MTL_FAST_MATH = YES;
				SDKROOT = iphoneos;
				SWIFT_COMPILATION_MODE = wholemodule;
				SWIFT_OPTIMIZATION_LEVEL = "-O";
				VALIDATE_PRODUCT = YES;
			};
			name = Release;
		};
		2DF9511D29981BFA005F07B9 /* Debug */ = {
			isa = XCBuildConfiguration;
			buildSettings = {
				ASSETCATALOG_COMPILER_APPICON_NAME = AppIcon;
				ASSETCATALOG_COMPILER_GLOBAL_ACCENT_COLOR_NAME = AccentColor;
				CODE_SIGN_STYLE = Automatic;
				CURRENT_PROJECT_VERSION = 1;
				DEVELOPMENT_TEAM = HG8VJQPKXZ;
				GENERATE_INFOPLIST_FILE = YES;
				INFOPLIST_FILE = Veterinerim/Resources/Info.plist;
				INFOPLIST_KEY_UIApplicationSupportsIndirectInputEvents = YES;
				INFOPLIST_KEY_UILaunchStoryboardName = LaunchScreen;
				INFOPLIST_KEY_UISupportedInterfaceOrientations = UIInterfaceOrientationPortrait;
				INFOPLIST_KEY_UISupportedInterfaceOrientations_iPad = "UIInterfaceOrientationLandscapeLeft UIInterfaceOrientationLandscapeRight UIInterfaceOrientationPortrait UIInterfaceOrientationPortraitUpsideDown";
				IPHONEOS_DEPLOYMENT_TARGET = 15.6;
				LD_RUNPATH_SEARCH_PATHS = (
					"$(inherited)",
					"@executable_path/Frameworks",
				);
				MARKETING_VERSION = 1.0;
				PRODUCT_BUNDLE_IDENTIFIER = dev.nsemir.Veterinerim;
				PRODUCT_NAME = "$(TARGET_NAME)";
				SUPPORTED_PLATFORMS = "iphoneos iphonesimulator";
				SUPPORTS_MACCATALYST = NO;
				SUPPORTS_MAC_DESIGNED_FOR_IPHONE_IPAD = NO;
				SWIFT_EMIT_LOC_STRINGS = YES;
				SWIFT_VERSION = 5.0;
				TARGETED_DEVICE_FAMILY = 1;
			};
			name = Debug;
		};
		2DF9511E29981BFA005F07B9 /* Release */ = {
			isa = XCBuildConfiguration;
			buildSettings = {
				ASSETCATALOG_COMPILER_APPICON_NAME = AppIcon;
				ASSETCATALOG_COMPILER_GLOBAL_ACCENT_COLOR_NAME = AccentColor;
				CODE_SIGN_STYLE = Automatic;
				CURRENT_PROJECT_VERSION = 1;
				DEVELOPMENT_TEAM = HG8VJQPKXZ;
				GENERATE_INFOPLIST_FILE = YES;
				INFOPLIST_FILE = Veterinerim/Resources/Info.plist;
				INFOPLIST_KEY_UIApplicationSupportsIndirectInputEvents = YES;
				INFOPLIST_KEY_UILaunchStoryboardName = LaunchScreen;
				INFOPLIST_KEY_UISupportedInterfaceOrientations = UIInterfaceOrientationPortrait;
				INFOPLIST_KEY_UISupportedInterfaceOrientations_iPad = "UIInterfaceOrientationLandscapeLeft UIInterfaceOrientationLandscapeRight UIInterfaceOrientationPortrait UIInterfaceOrientationPortraitUpsideDown";
				IPHONEOS_DEPLOYMENT_TARGET = 15.6;
				LD_RUNPATH_SEARCH_PATHS = (
					"$(inherited)",
					"@executable_path/Frameworks",
				);
				MARKETING_VERSION = 1.0;
				PRODUCT_BUNDLE_IDENTIFIER = dev.nsemir.Veterinerim;
				PRODUCT_NAME = "$(TARGET_NAME)";
				SUPPORTED_PLATFORMS = "iphoneos iphonesimulator";
				SUPPORTS_MACCATALYST = NO;
				SUPPORTS_MAC_DESIGNED_FOR_IPHONE_IPAD = NO;
				SWIFT_EMIT_LOC_STRINGS = YES;
				SWIFT_VERSION = 5.0;
				TARGETED_DEVICE_FAMILY = 1;
			};
			name = Release;
		};
/* End XCBuildConfiguration section */

/* Begin XCConfigurationList section */
		2DF9510329981BF8005F07B9 /* Build configuration list for PBXProject "Veterinerim" */ = {
			isa = XCConfigurationList;
			buildConfigurations = (
				2DF9511A29981BFA005F07B9 /* Debug */,
				2DF9511B29981BFA005F07B9 /* Release */,
			);
			defaultConfigurationIsVisible = 0;
			defaultConfigurationName = Release;
		};
		2DF9511C29981BFA005F07B9 /* Build configuration list for PBXNativeTarget "Veterinerim" */ = {
			isa = XCConfigurationList;
			buildConfigurations = (
				2DF9511D29981BFA005F07B9 /* Debug */,
				2DF9511E29981BFA005F07B9 /* Release */,
			);
			defaultConfigurationIsVisible = 0;
			defaultConfigurationName = Release;
		};
/* End XCConfigurationList section */

/* Begin XCRemoteSwiftPackageReference section */
		2DF951252998213C005F07B9 /* XCRemoteSwiftPackageReference "SnapKit" */ = {
			isa = XCRemoteSwiftPackageReference;
			repositoryURL = "https://github.com/SnapKit/SnapKit.git";
			requirement = {
				kind = upToNextMajorVersion;
				minimumVersion = 5.0.0;
			};
		};
		2DF9512829982169005F07B9 /* XCRemoteSwiftPackageReference "lottie-ios" */ = {
			isa = XCRemoteSwiftPackageReference;
			repositoryURL = "https://github.com/airbnb/lottie-ios.git";
			requirement = {
				kind = upToNextMajorVersion;
				minimumVersion = 4.0.0;
			};
		};
/* End XCRemoteSwiftPackageReference section */

/* Begin XCSwiftPackageProductDependency section */
		2DF951262998213C005F07B9 /* SnapKit */ = {
			isa = XCSwiftPackageProductDependency;
			package = 2DF951252998213C005F07B9 /* XCRemoteSwiftPackageReference "SnapKit" */;
			productName = SnapKit;
		};
		2DF9512929982169005F07B9 /* Lottie */ = {
			isa = XCSwiftPackageProductDependency;
			package = 2DF9512829982169005F07B9 /* XCRemoteSwiftPackageReference "lottie-ios" */;
			productName = Lottie;
		};
/* End XCSwiftPackageProductDependency section */
	};
	rootObject = 2DF9510029981BF8005F07B9 /* Project object */;
}
